
Microsoft Visual Studio Solution File, Format Version 12.00
# Visual Studio 15
VisualStudioVersion = 15.0.28010.2026
MinimumVisualStudioVersion = 10.0.40219.1
Project("{9A19103F-16F7-4668-BE54-9A1E7A4F7556}") = "LearningSystem.Models", "LearningSystem.Models\LearningSystem.Models.csproj", "{F8A7AEB8-D020-4B96-877A-AF2EB1410323}"
EndProject
Project("{9A19103F-16F7-4668-BE54-9A1E7A4F7556}") = "LearningSystem.Data", "LearningSystem.Data\LearningSystem.Data.csproj", "{30923E3E-DA0F-4713-A4E4-45AA6C8B7625}"
EndProject
Project("{9A19103F-16F7-4668-BE54-9A1E7A4F7556}") = "LearningSystem.Services", "LearningSystem.Services\LearningSystem.Services.csproj", "{C397F315-0E6C-4F15-94D4-A96487348708}"
EndProject
Project("{9A19103F-16F7-4668-BE54-9A1E7A4F7556}") = "LearningSystem.Web", "LearningSystem.Web\LearningSystem.Web.csproj", "{AA5A04D7-1BE1-4ABC-A734-60D919FF8B29}"
EndProject
Project("{9A19103F-16F7-4668-BE54-9A1E7A4F7556}") = "LearningSystem.Repository", "LearningSystem.Repository\LearningSystem.Repository.csproj", "{046FC4DD-E1DF-40C3-860B-5E4DC068DE92}"
EndProject
Project("{FAE04EC0-301F-11D3-BF4B-00C04F79EFBC}") = "LearningSystem.Utilities", "LearningSystem.Utilities\LearningSystem.Utilities.csproj", "{D55F48A2-D33E-4CF5-9969-0FDE0DFF5E4A}"
EndProject
Global
	GlobalSection(SolutionConfigurationPlatforms) = preSolution
		Debug|Any CPU = Debug|Any CPU
		Release|Any CPU = Release|Any CPU
	EndGlobalSection
	GlobalSection(ProjectConfigurationPlatforms) = postSolution
		{F8A7AEB8-D020-4B96-877A-AF2EB1410323}.Debug|Any CPU.ActiveCfg = Debug|Any CPU
		{F8A7AEB8-D020-4B96-877A-AF2EB1410323}.Debug|Any CPU.Build.0 = Debug|Any CPU
		{F8A7AEB8-D020-4B96-877A-AF2EB1410323}.Release|Any CPU.ActiveCfg = Release|Any CPU
		{F8A7AEB8-D020-4B96-877A-AF2EB1410323}.Release|Any CPU.Build.0 = Release|Any CPU
		{30923E3E-DA0F-4713-A4E4-45AA6C8B7625}.Debug|Any CPU.ActiveCfg = Debug|Any CPU
		{30923E3E-DA0F-4713-A4E4-45AA6C8B7625}.Debug|Any CPU.Build.0 = Debug|Any CPU
		{30923E3E-DA0F-4713-A4E4-45AA6C8B7625}.Release|Any CPU.ActiveCfg = Release|Any CPU
		{30923E3E-DA0F-4713-A4E4-45AA6C8B7625}.Release|Any CPU.Build.0 = Release|Any CPU
		{C397F315-0E6C-4F15-94D4-A96487348708}.Debug|Any CPU.ActiveCfg = Debug|Any CPU
		{C397F315-0E6C-4F15-94D4-A96487348708}.Debug|Any CPU.Build.0 = Debug|Any CPU
		{C397F315-0E6C-4F15-94D4-A96487348708}.Release|Any CPU.ActiveCfg = Release|Any CPU
		{C397F315-0E6C-4F15-94D4-A96487348708}.Release|Any CPU.Build.0 = Release|Any CPU
		{AA5A04D7-1BE1-4ABC-A734-60D919FF8B29}.Debug|Any CPU.ActiveCfg = Debug|Any CPU
		{AA5A04D7-1BE1-4ABC-A734-60D919FF8B29}.Debug|Any CPU.Build.0 = Debug|Any CPU
		{AA5A04D7-1BE1-4ABC-A734-60D919FF8B29}.Release|Any CPU.ActiveCfg = Release|Any CPU
		{AA5A04D7-1BE1-4ABC-A734-60D919FF8B29}.Release|Any CPU.Build.0 = Release|Any CPU
		{046FC4DD-E1DF-40C3-860B-5E4DC068DE92}.Debug|Any CPU.ActiveCfg = Debug|Any CPU
		{046FC4DD-E1DF-40C3-860B-5E4DC068DE92}.Debug|Any CPU.Build.0 = Debug|Any CPU
		{046FC4DD-E1DF-40C3-860B-5E4DC068DE92}.Release|Any CPU.ActiveCfg = Release|Any CPU
		{046FC4DD-E1DF-40C3-860B-5E4DC068DE92}.Release|Any CPU.Build.0 = Release|Any CPU
		{D55F48A2-D33E-4CF5-9969-0FDE0DFF5E4A}.Debug|Any CPU.ActiveCfg = Debug|Any CPU
		{D55F48A2-D33E-4CF5-9969-0FDE0DFF5E4A}.Debug|Any CPU.Build.0 = Debug|Any CPU
		{D55F48A2-D33E-4CF5-9969-0FDE0DFF5E4A}.Release|Any CPU.ActiveCfg = Release|Any CPU
		{D55F48A2-D33E-4CF5-9969-0FDE0DFF5E4A}.Release|Any CPU.Build.0 = Release|Any CPU
	EndGlobalSection
	GlobalSection(SolutionProperties) = preSolution
		HideSolutionNode = FALSE
	EndGlobalSection
	GlobalSection(ExtensibilityGlobals) = postSolution
		SolutionGuid = {744BDAEF-F8C2-4722-96F3-40DB7BA34979}
	EndGlobalSection
EndGlobal
